
Microsoft Visual Studio Solution File, Format Version 12.00
# Visual Studio Version 17
VisualStudioVersion = 17.1.32328.378
MinimumVisualStudioVersion = 10.0.40219.1
Project("{FAE04EC0-301F-11D3-BF4B-00C04F79EFBC}") = "CardClassLibrary", "CardClassLibrary.csproj", "{B5027E3C-746F-4FA9-8ACD-07449429EE1E}"
EndProject
Project("{FAE04EC0-301F-11D3-BF4B-00C04F79EFBC}") = "CardLibraryDriver", "..\CardLibraryDriver\CardLibraryDriver.csproj", "{A6A74E34-58F3-4068-9B30-A31CE625F13E}"
EndProject
Global
	GlobalSection(SolutionConfigurationPlatforms) = preSolution
		Debug|Any CPU = Debug|Any CPU
		Release|Any CPU = Release|Any CPU
	EndGlobalSection
	GlobalSection(ProjectConfigurationPlatforms) = postSolution
		{B5027E3C-746F-4FA9-8ACD-07449429EE1E}.Debug|Any CPU.ActiveCfg = Debug|Any CPU
		{B5027E3C-746F-4FA9-8ACD-07449429EE1E}.Debug|Any CPU.Build.0 = Debug|Any CPU
		{B5027E3C-746F-4FA9-8ACD-07449429EE1E}.Release|Any CPU.ActiveCfg = Release|Any CPU
		{B5027E3C-746F-4FA9-8ACD-07449429EE1E}.Release|Any CPU.Build.0 = Release|Any CPU
		{A6A74E34-58F3-4068-9B30-A31CE625F13E}.Debug|Any CPU.ActiveCfg = Debug|Any CPU
		{A6A74E34-58F3-4068-9B30-A31CE625F13E}.Debug|Any CPU.Build.0 = Debug|Any CPU
		{A6A74E34-58F3-4068-9B30-A31CE625F13E}.Release|Any CPU.ActiveCfg = Release|Any CPU
		{A6A74E34-58F3-4068-9B30-A31CE625F13E}.Release|Any CPU.Build.0 = Release|Any CPU
	EndGlobalSection
	GlobalSection(SolutionProperties) = preSolution
		HideSolutionNode = FALSE
	EndGlobalSection
	GlobalSection(ExtensibilityGlobals) = postSolution
		SolutionGuid = {42633369-2397-4BE6-AD71-000037A74D35}
	EndGlobalSection
EndGlobal
